// !$*UTF8*$!
{
	archiveVersion = 1;
	classes = {
	};
	objectVersion = 46;
	objects = {

/* Begin PBXBuildFile section */
		768A979F97ADE0E0814CD0E7 /* Pods_pokedex_webrequest.framework in Frameworks */ = {isa = PBXBuildFile; fileRef = 72A6299560DE1B24E9D7F6E0 /* Pods_pokedex_webrequest.framework */; };
		C7281F6F1D2FB167001D5FDF /* AppDelegate.swift in Sources */ = {isa = PBXBuildFile; fileRef = C7281F6E1D2FB167001D5FDF /* AppDelegate.swift */; };
		C7281F711D2FB167001D5FDF /* ViewController.swift in Sources */ = {isa = PBXBuildFile; fileRef = C7281F701D2FB167001D5FDF /* ViewController.swift */; };
		C7281F741D2FB167001D5FDF /* Main.storyboard in Resources */ = {isa = PBXBuildFile; fileRef = C7281F721D2FB167001D5FDF /* Main.storyboard */; };
		C7281F761D2FB167001D5FDF /* Assets.xcassets in Resources */ = {isa = PBXBuildFile; fileRef = C7281F751D2FB167001D5FDF /* Assets.xcassets */; };
		C7281F791D2FB167001D5FDF /* LaunchScreen.storyboard in Resources */ = {isa = PBXBuildFile; fileRef = C7281F771D2FB167001D5FDF /* LaunchScreen.storyboard */; };
		C7281F811D2FB62C001D5FDF /* pokemon.csv in Resources */ = {isa = PBXBuildFile; fileRef = C7281F801D2FB62C001D5FDF /* pokemon.csv */; };
		C7281F841D2FB79B001D5FDF /* Pokemon.swift in Sources */ = {isa = PBXBuildFile; fileRef = C7281F831D2FB79B001D5FDF /* Pokemon.swift */; };
		C73450561D2FC1C9002A5E27 /* PokeCell.swift in Sources */ = {isa = PBXBuildFile; fileRef = C73450551D2FC1C9002A5E27 /* PokeCell.swift */; };
		C74781631D301AAF00EEC3BA /* csv.swift in Sources */ = {isa = PBXBuildFile; fileRef = C74781621D301AAF00EEC3BA /* csv.swift */; };
		C74781681D30203000EEC3BA /* Pokemon.ttf in Resources */ = {isa = PBXBuildFile; fileRef = C74781671D30203000EEC3BA /* Pokemon.ttf */; };
		C747816A1D30228100EEC3BA /* music.mp3 in Resources */ = {isa = PBXBuildFile; fileRef = C74781691D30228100EEC3BA /* music.mp3 */; };
		C747816C1D3112D000EEC3BA /* PokemonDetailVC.swift in Sources */ = {isa = PBXBuildFile; fileRef = C747816B1D3112D000EEC3BA /* PokemonDetailVC.swift */; };
		C79364E11D31487800875BED /* Constants.swift in Sources */ = {isa = PBXBuildFile; fileRef = C79364E01D31487800875BED /* Constants.swift */; };
/* End PBXBuildFile section */

/* Begin PBXFileReference section */
		155519FE1622696C89F148EC /* Pods-pokedex-webrequest.debug.xcconfig */ = {isa = PBXFileReference; includeInIndex = 1; lastKnownFileType = text.xcconfig; name = "Pods-pokedex-webrequest.debug.xcconfig"; path = "Pods/Target Support Files/Pods-pokedex-webrequest/Pods-pokedex-webrequest.debug.xcconfig"; sourceTree = "<group>"; };
		3491A55AD6A22265EAB295EE /* Pods-pokedex-webrequest.release.xcconfig */ = {isa = PBXFileReference; includeInIndex = 1; lastKnownFileType = text.xcconfig; name = "Pods-pokedex-webrequest.release.xcconfig"; path = "Pods/Target Support Files/Pods-pokedex-webrequest/Pods-pokedex-webrequest.release.xcconfig"; sourceTree = "<group>"; };
		72A6299560DE1B24E9D7F6E0 /* Pods_pokedex_webrequest.framework */ = {isa = PBXFileReference; explicitFileType = wrapper.framework; includeInIndex = 0; path = Pods_pokedex_webrequest.framework; sourceTree = BUILT_PRODUCTS_DIR; };
		C7281F6B1D2FB167001D5FDF /* pokedex-webrequest.app */ = {isa = PBXFileReference; explicitFileType = wrapper.application; includeInIndex = 0; path = "pokedex-webrequest.app"; sourceTree = BUILT_PRODUCTS_DIR; };
		C7281F6E1D2FB167001D5FDF /* AppDelegate.swift */ = {isa = PBXFileReference; lastKnownFileType = sourcecode.swift; path = AppDelegate.swift; sourceTree = "<group>"; };
		C7281F701D2FB167001D5FDF /* ViewController.swift */ = {isa = PBXFileReference; lastKnownFileType = sourcecode.swift; path = ViewController.swift; sourceTree = "<group>"; };
		C7281F731D2FB167001D5FDF /* Base */ = {isa = PBXFileReference; lastKnownFileType = file.storyboard; name = Base; path = Base.lproj/Main.storyboard; sourceTree = "<group>"; };
		C7281F751D2FB167001D5FDF /* Assets.xcassets */ = {isa = PBXFileReference; lastKnownFileType = folder.assetcatalog; path = Assets.xcassets; sourceTree = "<group>"; };
		C7281F781D2FB167001D5FDF /* Base */ = {isa = PBXFileReference; lastKnownFileType = file.storyboard; name = Base; path = Base.lproj/LaunchScreen.storyboard; sourceTree = "<group>"; };
		C7281F7A1D2FB167001D5FDF /* Info.plist */ = {isa = PBXFileReference; lastKnownFileType = text.plist.xml; path = Info.plist; sourceTree = "<group>"; };
		C7281F801D2FB62C001D5FDF /* pokemon.csv */ = {isa = PBXFileReference; fileEncoding = 4; lastKnownFileType = text; path = pokemon.csv; sourceTree = "<group>"; };
		C7281F831D2FB79B001D5FDF /* Pokemon.swift */ = {isa = PBXFileReference; fileEncoding = 4; lastKnownFileType = sourcecode.swift; path = Pokemon.swift; sourceTree = "<group>"; };
		C73450551D2FC1C9002A5E27 /* PokeCell.swift */ = {isa = PBXFileReference; fileEncoding = 4; lastKnownFileType = sourcecode.swift; path = PokeCell.swift; sourceTree = "<group>"; };
		C74781621D301AAF00EEC3BA /* csv.swift */ = {isa = PBXFileReference; fileEncoding = 4; lastKnownFileType = sourcecode.swift; path = csv.swift; sourceTree = "<group>"; };
		C74781671D30203000EEC3BA /* Pokemon.ttf */ = {isa = PBXFileReference; lastKnownFileType = file; path = Pokemon.ttf; sourceTree = "<group>"; };
		C74781691D30228100EEC3BA /* music.mp3 */ = {isa = PBXFileReference; lastKnownFileType = audio.mp3; path = music.mp3; sourceTree = "<group>"; };
		C747816B1D3112D000EEC3BA /* PokemonDetailVC.swift */ = {isa = PBXFileReference; fileEncoding = 4; lastKnownFileType = sourcecode.swift; path = PokemonDetailVC.swift; sourceTree = "<group>"; };
		C79364E01D31487800875BED /* Constants.swift */ = {isa = PBXFileReference; fileEncoding = 4; lastKnownFileType = sourcecode.swift; path = Constants.swift; sourceTree = "<group>"; };
/* End PBXFileReference section */

/* Begin PBXFrameworksBuildPhase section */
		C7281F681D2FB167001D5FDF /* Frameworks */ = {
			isa = PBXFrameworksBuildPhase;
			buildActionMask = 2147483647;
			files = (
				768A979F97ADE0E0814CD0E7 /* Pods_pokedex_webrequest.framework in Frameworks */,
			);
			runOnlyForDeploymentPostprocessing = 0;
		};
/* End PBXFrameworksBuildPhase section */

/* Begin PBXGroup section */
		A0059F5007295104D6760D7F /* Frameworks */ = {
			isa = PBXGroup;
			children = (
				72A6299560DE1B24E9D7F6E0 /* Pods_pokedex_webrequest.framework */,
			);
			name = Frameworks;
			sourceTree = "<group>";
		};
		C7281F621D2FB167001D5FDF = {
			isa = PBXGroup;
			children = (
				C7281F6D1D2FB167001D5FDF /* pokedex-webrequest */,
				C7281F6C1D2FB167001D5FDF /* Products */,
				F2FA6F0BF1B5A90F93F0291E /* Pods */,
				A0059F5007295104D6760D7F /* Frameworks */,
			);
			sourceTree = "<group>";
		};
		C7281F6C1D2FB167001D5FDF /* Products */ = {
			isa = PBXGroup;
			children = (
				C7281F6B1D2FB167001D5FDF /* pokedex-webrequest.app */,
			);
			name = Products;
			sourceTree = "<group>";
		};
		C7281F6D1D2FB167001D5FDF /* pokedex-webrequest */ = {
			isa = PBXGroup;
			children = (
				C7281F821D2FB785001D5FDF /* Model */,
				C73450541D2FC18E002A5E27 /* View */,
				C74781651D301ACA00EEC3BA /* Controller */,
				C74781641D301ABF00EEC3BA /* Util */,
				C74781661D301AEC00EEC3BA /* Resources */,
				C7281F6E1D2FB167001D5FDF /* AppDelegate.swift */,
				C7281F721D2FB167001D5FDF /* Main.storyboard */,
				C7281F751D2FB167001D5FDF /* Assets.xcassets */,
				C7281F771D2FB167001D5FDF /* LaunchScreen.storyboard */,
				C7281F7A1D2FB167001D5FDF /* Info.plist */,
			);
			path = "pokedex-webrequest";
			sourceTree = "<group>";
		};
		C7281F821D2FB785001D5FDF /* Model */ = {
			isa = PBXGroup;
			children = (
				C7281F831D2FB79B001D5FDF /* Pokemon.swift */,
			);
			name = Model;
			sourceTree = "<group>";
		};
		C73450541D2FC18E002A5E27 /* View */ = {
			isa = PBXGroup;
			children = (
				C73450551D2FC1C9002A5E27 /* PokeCell.swift */,
			);
			name = View;
			sourceTree = "<group>";
		};
		C74781641D301ABF00EEC3BA /* Util */ = {
			isa = PBXGroup;
			children = (
				C74781621D301AAF00EEC3BA /* csv.swift */,
				C79364E01D31487800875BED /* Constants.swift */,
			);
			name = Util;
			sourceTree = "<group>";
		};
		C74781651D301ACA00EEC3BA /* Controller */ = {
			isa = PBXGroup;
			children = (
				C7281F701D2FB167001D5FDF /* ViewController.swift */,
				C747816B1D3112D000EEC3BA /* PokemonDetailVC.swift */,
			);
			name = Controller;
			sourceTree = "<group>";
		};
		C74781661D301AEC00EEC3BA /* Resources */ = {
			isa = PBXGroup;
			children = (
				C74781691D30228100EEC3BA /* music.mp3 */,
				C74781671D30203000EEC3BA /* Pokemon.ttf */,
				C7281F801D2FB62C001D5FDF /* pokemon.csv */,
			);
			name = Resources;
			sourceTree = "<group>";
		};
		F2FA6F0BF1B5A90F93F0291E /* Pods */ = {
			isa = PBXGroup;
			children = (
				155519FE1622696C89F148EC /* Pods-pokedex-webrequest.debug.xcconfig */,
				3491A55AD6A22265EAB295EE /* Pods-pokedex-webrequest.release.xcconfig */,
			);
			name = Pods;
			sourceTree = "<group>";
		};
/* End PBXGroup section */

/* Begin PBXNativeTarget section */
		C7281F6A1D2FB167001D5FDF /* pokedex-webrequest */ = {
			isa = PBXNativeTarget;
			buildConfigurationList = C7281F7D1D2FB167001D5FDF /* Build configuration list for PBXNativeTarget "pokedex-webrequest" */;
			buildPhases = (
				0488D70A29B56C69F725B624 /* [CP] Check Pods Manifest.lock */,
				C7281F671D2FB167001D5FDF /* Sources */,
				C7281F681D2FB167001D5FDF /* Frameworks */,
				C7281F691D2FB167001D5FDF /* Resources */,
				3860FEB4C8B4E65605B8D2F6 /* [CP] Embed Pods Frameworks */,
				0C7D2DB93D1D4E412CD6F78E /* [CP] Copy Pods Resources */,
			);
			buildRules = (
			);
			dependencies = (
			);
			name = "pokedex-webrequest";
			productName = "pokedex-webrequest";
			productReference = C7281F6B1D2FB167001D5FDF /* pokedex-webrequest.app */;
			productType = "com.apple.product-type.application";
		};
/* End PBXNativeTarget section */

/* Begin PBXProject section */
		C7281F631D2FB167001D5FDF /* Project object */ = {
			isa = PBXProject;
			attributes = {
				LastSwiftUpdateCheck = 0730;
				LastUpgradeCheck = 0730;
				ORGANIZATIONNAME = "Prateek Mahawar";
				TargetAttributes = {
					C7281F6A1D2FB167001D5FDF = {
						CreatedOnToolsVersion = 7.3.1;
						DevelopmentTeam = 2QJCV27NGS;
					};
				};
			};
			buildConfigurationList = C7281F661D2FB167001D5FDF /* Build configuration list for PBXProject "pokedex-webrequest" */;
			compatibilityVersion = "Xcode 3.2";
			developmentRegion = English;
			hasScannedForEncodings = 0;
			knownRegions = (
				en,
				Base,
			);
			mainGroup = C7281F621D2FB167001D5FDF;
			productRefGroup = C7281F6C1D2FB167001D5FDF /* Products */;
			projectDirPath = "";
			projectRoot = "";
			targets = (
				C7281F6A1D2FB167001D5FDF /* pokedex-webrequest */,
			);
		};
/* End PBXProject section */

/* Begin PBXResourcesBuildPhase section */
		C7281F691D2FB167001D5FDF /* Resources */ = {
			isa = PBXResourcesBuildPhase;
			buildActionMask = 2147483647;
			files = (
				C7281F791D2FB167001D5FDF /* LaunchScreen.storyboard in Resources */,
				C74781681D30203000EEC3BA /* Pokemon.ttf in Resources */,
				C747816A1D30228100EEC3BA /* music.mp3 in Resources */,
				C7281F761D2FB167001D5FDF /* Assets.xcassets in Resources */,
				C7281F811D2FB62C001D5FDF /* pokemon.csv in Resources */,
				C7281F741D2FB167001D5FDF /* Main.storyboard in Resources */,
			);
			runOnlyForDeploymentPostprocessing = 0;
		};
/* End PBXResourcesBuildPhase section */

/* Begin PBXShellScriptBuildPhase section */
		0488D70A29B56C69F725B624 /* [CP] Check Pods Manifest.lock */ = {
			isa = PBXShellScriptBuildPhase;
			buildActionMask = 2147483647;
			files = (
			);
			inputPaths = (
			);
			name = "[CP] Check Pods Manifest.lock";
			outputPaths = (
			);
			runOnlyForDeploymentPostprocessing = 0;
			shellPath = /bin/sh;
			shellScript = "diff \"${PODS_ROOT}/../Podfile.lock\" \"${PODS_ROOT}/Manifest.lock\" > /dev/null\nif [[ $? != 0 ]] ; then\n    cat << EOM\nerror: The sandbox is not in sync with the Podfile.lock. Run 'pod install' or update your CocoaPods installation.\nEOM\n    exit 1\nfi\n";
			showEnvVarsInLog = 0;
		};
		0C7D2DB93D1D4E412CD6F78E /* [CP] Copy Pods Resources */ = {
			isa = PBXShellScriptBuildPhase;
			buildActionMask = 2147483647;
			files = (
			);
			inputPaths = (
			);
			name = "[CP] Copy Pods Resources";
			outputPaths = (
			);
			runOnlyForDeploymentPostprocessing = 0;
			shellPath = /bin/sh;
			shellScript = "\"${SRCROOT}/Pods/Target Support Files/Pods-pokedex-webrequest/Pods-pokedex-webrequest-resources.sh\"\n";
			showEnvVarsInLog = 0;
		};
		3860FEB4C8B4E65605B8D2F6 /* [CP] Embed Pods Frameworks */ = {
			isa = PBXShellScriptBuildPhase;
			buildActionMask = 2147483647;
			files = (
			);
			inputPaths = (
			);
			name = "[CP] Embed Pods Frameworks";
			outputPaths = (
			);
			runOnlyForDeploymentPostprocessing = 0;
			shellPath = /bin/sh;
			shellScript = "\"${SRCROOT}/Pods/Target Support Files/Pods-pokedex-webrequest/Pods-pokedex-webrequest-frameworks.sh\"\n";
			showEnvVarsInLog = 0;
		};
/* End PBXShellScriptBuildPhase section */

/* Begin PBXSourcesBuildPhase section */
		C7281F671D2FB167001D5FDF /* Sources */ = {
			isa = PBXSourcesBuildPhase;
			buildActionMask = 2147483647;
			files = (
				C73450561D2FC1C9002A5E27 /* PokeCell.swift in Sources */,
				C7281F711D2FB167001D5FDF /* ViewController.swift in Sources */,
				C79364E11D31487800875BED /* Constants.swift in Sources */,
				C7281F6F1D2FB167001D5FDF /* AppDelegate.swift in Sources */,
				C747816C1D3112D000EEC3BA /* PokemonDetailVC.swift in Sources */,
				C7281F841D2FB79B001D5FDF /* Pokemon.swift in Sources */,
				C74781631D301AAF00EEC3BA /* csv.swift in Sources */,
			);
			runOnlyForDeploymentPostprocessing = 0;
		};
/* End PBXSourcesBuildPhase section */

/* Begin PBXVariantGroup section */
		C7281F721D2FB167001D5FDF /* Main.storyboard */ = {
			isa = PBXVariantGroup;
			children = (
				C7281F731D2FB167001D5FDF /* Base */,
			);
			name = Main.storyboard;
			sourceTree = "<group>";
		};
		C7281F771D2FB167001D5FDF /* LaunchScreen.storyboard */ = {
			isa = PBXVariantGroup;
			children = (
				C7281F781D2FB167001D5FDF /* Base */,
			);
			name = LaunchScreen.storyboard;
			sourceTree = "<group>";
		};
/* End PBXVariantGroup section */

/* Begin XCBuildConfiguration section */
		C7281F7B1D2FB167001D5FDF /* Debug */ = {
			isa = XCBuildConfiguration;
			buildSettings = {
				ALWAYS_SEARCH_USER_PATHS = NO;
				CLANG_ANALYZER_NONNULL = YES;
				CLANG_CXX_LANGUAGE_STANDARD = "gnu++0x";
				CLANG_CXX_LIBRARY = "libc++";
				CLANG_ENABLE_MODULES = YES;
				CLANG_ENABLE_OBJC_ARC = YES;
				CLANG_WARN_BOOL_CONVERSION = YES;
				CLANG_WARN_CONSTANT_CONVERSION = YES;
				CLANG_WARN_DIRECT_OBJC_ISA_USAGE = YES_ERROR;
				CLANG_WARN_EMPTY_BODY = YES;
				CLANG_WARN_ENUM_CONVERSION = YES;
				CLANG_WARN_INT_CONVERSION = YES;
				CLANG_WARN_OBJC_ROOT_CLASS = YES_ERROR;
				CLANG_WARN_UNREACHABLE_CODE = YES;
				CLANG_WARN__DUPLICATE_METHOD_MATCH = YES;
				"CODE_SIGN_IDENTITY[sdk=iphoneos*]" = "iPhone Developer";
				COPY_PHASE_STRIP = NO;
				DEBUG_INFORMATION_FORMAT = dwarf;
				ENABLE_STRICT_OBJC_MSGSEND = YES;
				ENABLE_TESTABILITY = YES;
				GCC_C_LANGUAGE_STANDARD = gnu99;
				GCC_DYNAMIC_NO_PIC = NO;
				GCC_NO_COMMON_BLOCKS = YES;
				GCC_OPTIMIZATION_LEVEL = 0;
				GCC_PREPROCESSOR_DEFINITIONS = (
					"DEBUG=1",
					"$(inherited)",
				);
				GCC_WARN_64_TO_32_BIT_CONVERSION = YES;
				GCC_WARN_ABOUT_RETURN_TYPE = YES_ERROR;
				GCC_WARN_UNDECLARED_SELECTOR = YES;
				GCC_WARN_UNINITIALIZED_AUTOS = YES_AGGRESSIVE;
				GCC_WARN_UNUSED_FUNCTION = YES;
				GCC_WARN_UNUSED_VARIABLE = YES;
				IPHONEOS_DEPLOYMENT_TARGET = 9.3;
				MTL_ENABLE_DEBUG_INFO = YES;
				ONLY_ACTIVE_ARCH = YES;
				SDKROOT = iphoneos;
				SWIFT_OPTIMIZATION_LEVEL = "-Onone";
				TARGETED_DEVICE_FAMILY = "1,2";
			};
			name = Debug;
		};
		C7281F7C1D2FB167001D5FDF /* Release */ = {
			isa = XCBuildConfiguration;
			buildSettings = {
				ALWAYS_SEARCH_USER_PATHS = NO;
				CLANG_ANALYZER_NONNULL = YES;
				CLANG_CXX_LANGUAGE_STANDARD = "gnu++0x";
				CLANG_CXX_LIBRARY = "libc++";
				CLANG_ENABLE_MODULES = YES;
				CLANG_ENABLE_OBJC_ARC = YES;
				CLANG_WARN_BOOL_CONVERSION = YES;
				CLANG_WARN_CONSTANT_CONVERSION = YES;
				CLANG_WARN_DIRECT_OBJC_ISA_USAGE = YES_ERROR;
				CLANG_WARN_EMPTY_BODY = YES;
				CLANG_WARN_ENUM_CONVERSION = YES;
				CLANG_WARN_INT_CONVERSION = YES;
				CLANG_WARN_OBJC_ROOT_CLASS = YES_ERROR;
				CLANG_WARN_UNREACHABLE_CODE = YES;
				CLANG_WARN__DUPLICATE_METHOD_MATCH = YES;
				"CODE_SIGN_IDENTITY[sdk=iphoneos*]" = "iPhone Developer";
				COPY_PHASE_STRIP = NO;
				DEBUG_INFORMATION_FORMAT = "dwarf-with-dsym";
				ENABLE_NS_ASSERTIONS = NO;
				ENABLE_STRICT_OBJC_MSGSEND = YES;
				GCC_C_LANGUAGE_STANDARD = gnu99;
				GCC_NO_COMMON_BLOCKS = YES;
				GCC_WARN_64_TO_32_BIT_CONVERSION = YES;
				GCC_WARN_ABOUT_RETURN_TYPE = YES_ERROR;
				GCC_WARN_UNDECLARED_SELECTOR = YES;
				GCC_WARN_UNINITIALIZED_AUTOS = YES_AGGRESSIVE;
				GCC_WARN_UNUSED_FUNCTION = YES;
				GCC_WARN_UNUSED_VARIABLE = YES;
				IPHONEOS_DEPLOYMENT_TARGET = 9.3;
				MTL_ENABLE_DEBUG_INFO = NO;
				SDKROOT = iphoneos;
				TARGETED_DEVICE_FAMILY = "1,2";
				VALIDATE_PRODUCT = YES;
			};
			name = Release;
		};
		C7281F7E1D2FB167001D5FDF /* Debug */ = {
			isa = XCBuildConfiguration;
			baseConfigurationReference = 155519FE1622696C89F148EC /* Pods-pokedex-webrequest.debug.xcconfig */;
			buildSettings = {
				ASSETCATALOG_COMPILER_APPICON_NAME = AppIcon;
				INFOPLIST_FILE = "pokedex-webrequest/Info.plist";
				LD_RUNPATH_SEARCH_PATHS = "$(inherited) @executable_path/Frameworks";
				PRODUCT_BUNDLE_IDENTIFIER = "com.Prateek.pokedex-webrequest";
				PRODUCT_NAME = "$(TARGET_NAME)";
			};
			name = Debug;
		};
		C7281F7F1D2FB167001D5FDF /* Release */ = {
			isa = XCBuildConfiguration;
			baseConfigurationReference = 3491A55AD6A22265EAB295EE /* Pods-pokedex-webrequest.release.xcconfig */;
			buildSettings = {
				ASSETCATALOG_COMPILER_APPICON_NAME = AppIcon;
				INFOPLIST_FILE = "pokedex-webrequest/Info.plist";
				LD_RUNPATH_SEARCH_PATHS = "$(inherited) @executable_path/Frameworks";
				PRODUCT_BUNDLE_IDENTIFIER = "com.Prateek.pokedex-webrequest";
				PRODUCT_NAME = "$(TARGET_NAME)";
			};
			name = Release;
		};
/* End XCBuildConfiguration section */

/* Begin XCConfigurationList section */
		C7281F661D2FB167001D5FDF /* Build configuration list for PBXProject "pokedex-webrequest" */ = {
			isa = XCConfigurationList;
			buildConfigurations = (
				C7281F7B1D2FB167001D5FDF /* Debug */,
				C7281F7C1D2FB167001D5FDF /* Release */,
			);
			defaultConfigurationIsVisible = 0;
			defaultConfigurationName = Release;
		};
		C7281F7D1D2FB167001D5FDF /* Build configuration list for PBXNativeTarget "pokedex-webrequest" */ = {
			isa = XCConfigurationList;
			buildConfigurations = (
				C7281F7E1D2FB167001D5FDF /* Debug */,
				C7281F7F1D2FB167001D5FDF /* Release */,
			);
			defaultConfigurationIsVisible = 0;
			defaultConfigurationName = Release;
		};
/* End XCConfigurationList section */
	};
	rootObject = C7281F631D2FB167001D5FDF /* Project object */;
}
